
Microsoft Visual Studio Solution File, Format Version 12.00
# Visual Studio Version 17
VisualStudioVersion = 17.8.34330.188
MinimumVisualStudioVersion = 10.0.40219.1
Project("{2150E333-8FDC-42A3-9474-1A3956D46DE8}") = "Services", "Services", "{09911466-097F-47C4-9E8D-0C5EA70F385E}"
EndProject
Project("{2150E333-8FDC-42A3-9474-1A3956D46DE8}") = "Catalogo", "Catalogo", "{4A3A92A7-AFD8-4423-8B2F-E7673AD134A1}"
EndProject
Project("{2150E333-8FDC-42A3-9474-1A3956D46DE8}") = "Cliente", "Cliente", "{D1FB0998-472C-4FBB-BDB5-309674369C7D}"
EndProject
Project("{2150E333-8FDC-42A3-9474-1A3956D46DE8}") = "Oficina", "Oficina", "{A08BF236-39AF-4C89-85FE-1E814CD1E27D}"
EndProject
Project("{2150E333-8FDC-42A3-9474-1A3956D46DE8}") = "Comercial", "Comercial", "{F627C5C5-51C8-4211-B993-0436C9E4CAF9}"
EndProject
Project("{2150E333-8FDC-42A3-9474-1A3956D46DE8}") = "Seguridad", "Seguridad", "{1888B625-7D01-4CE9-B560-B15B141CAA75}"
EndProject
Project("{9A19103F-16F7-4668-BE54-9A1E7A4F7556}") = "Catalogo.Api", "src\Catalogo\Catalogo.Api\Catalogo.Api.csproj", "{C5FC48C8-EE1F-4A29-B4AA-9F702034C67F}"
EndProject
Project("{9A19103F-16F7-4668-BE54-9A1E7A4F7556}") = "Cliente.Api", "src\Cliente\Cliente.Api\Cliente.Api.csproj", "{82D32D02-B2DB-4463-A555-E888269C94B7}"
EndProject
Project("{9A19103F-16F7-4668-BE54-9A1E7A4F7556}") = "Oficina.Api", "src\Oficina\Oficina.Api\Oficina.Api.csproj", "{3BE62D8C-6942-4237-BAFE-A339408ACF35}"
EndProject
Project("{9A19103F-16F7-4668-BE54-9A1E7A4F7556}") = "Comercial.Api", "src\Comercial\Comercial.Api\Comercial.Api.csproj", "{0E5C1D34-C35D-467D-BF3B-11DB1267542E}"
EndProject
Project("{FAE04EC0-301F-11D3-BF4B-00C04F79EFBC}") = "Seguridad.Api", "src\Seguridad\Seguridad.Api\Seguridad.Api.csproj", "{92750D79-C0BF-4438-9858-E7F1275D8935}"
EndProject
Global
	GlobalSection(SolutionConfigurationPlatforms) = preSolution
		Debug|Any CPU = Debug|Any CPU
		Release|Any CPU = Release|Any CPU
	EndGlobalSection
	GlobalSection(ProjectConfigurationPlatforms) = postSolution
		{C5FC48C8-EE1F-4A29-B4AA-9F702034C67F}.Debug|Any CPU.ActiveCfg = Debug|Any CPU
		{C5FC48C8-EE1F-4A29-B4AA-9F702034C67F}.Debug|Any CPU.Build.0 = Debug|Any CPU
		{C5FC48C8-EE1F-4A29-B4AA-9F702034C67F}.Release|Any CPU.ActiveCfg = Release|Any CPU
		{C5FC48C8-EE1F-4A29-B4AA-9F702034C67F}.Release|Any CPU.Build.0 = Release|Any CPU
		{82D32D02-B2DB-4463-A555-E888269C94B7}.Debug|Any CPU.ActiveCfg = Debug|Any CPU
		{82D32D02-B2DB-4463-A555-E888269C94B7}.Debug|Any CPU.Build.0 = Debug|Any CPU
		{82D32D02-B2DB-4463-A555-E888269C94B7}.Release|Any CPU.ActiveCfg = Release|Any CPU
		{82D32D02-B2DB-4463-A555-E888269C94B7}.Release|Any CPU.Build.0 = Release|Any CPU
		{3BE62D8C-6942-4237-BAFE-A339408ACF35}.Debug|Any CPU.ActiveCfg = Debug|Any CPU
		{3BE62D8C-6942-4237-BAFE-A339408ACF35}.Debug|Any CPU.Build.0 = Debug|Any CPU
		{3BE62D8C-6942-4237-BAFE-A339408ACF35}.Release|Any CPU.ActiveCfg = Release|Any CPU
		{3BE62D8C-6942-4237-BAFE-A339408ACF35}.Release|Any CPU.Build.0 = Release|Any CPU
		{0E5C1D34-C35D-467D-BF3B-11DB1267542E}.Debug|Any CPU.ActiveCfg = Debug|Any CPU
		{0E5C1D34-C35D-467D-BF3B-11DB1267542E}.Debug|Any CPU.Build.0 = Debug|Any CPU
		{0E5C1D34-C35D-467D-BF3B-11DB1267542E}.Release|Any CPU.ActiveCfg = Release|Any CPU
		{0E5C1D34-C35D-467D-BF3B-11DB1267542E}.Release|Any CPU.Build.0 = Release|Any CPU
		{92750D79-C0BF-4438-9858-E7F1275D8935}.Debug|Any CPU.ActiveCfg = Debug|Any CPU
		{92750D79-C0BF-4438-9858-E7F1275D8935}.Debug|Any CPU.Build.0 = Debug|Any CPU
		{92750D79-C0BF-4438-9858-E7F1275D8935}.Release|Any CPU.ActiveCfg = Release|Any CPU
		{92750D79-C0BF-4438-9858-E7F1275D8935}.Release|Any CPU.Build.0 = Release|Any CPU
	EndGlobalSection
	GlobalSection(SolutionProperties) = preSolution
		HideSolutionNode = FALSE
	EndGlobalSection
	GlobalSection(NestedProjects) = preSolution
		{4A3A92A7-AFD8-4423-8B2F-E7673AD134A1} = {09911466-097F-47C4-9E8D-0C5EA70F385E}
		{D1FB0998-472C-4FBB-BDB5-309674369C7D} = {09911466-097F-47C4-9E8D-0C5EA70F385E}
		{A08BF236-39AF-4C89-85FE-1E814CD1E27D} = {09911466-097F-47C4-9E8D-0C5EA70F385E}
		{F627C5C5-51C8-4211-B993-0436C9E4CAF9} = {09911466-097F-47C4-9E8D-0C5EA70F385E}
		{1888B625-7D01-4CE9-B560-B15B141CAA75} = {09911466-097F-47C4-9E8D-0C5EA70F385E}
		{C5FC48C8-EE1F-4A29-B4AA-9F702034C67F} = {4A3A92A7-AFD8-4423-8B2F-E7673AD134A1}
		{82D32D02-B2DB-4463-A555-E888269C94B7} = {D1FB0998-472C-4FBB-BDB5-309674369C7D}
		{3BE62D8C-6942-4237-BAFE-A339408ACF35} = {A08BF236-39AF-4C89-85FE-1E814CD1E27D}
		{0E5C1D34-C35D-467D-BF3B-11DB1267542E} = {F627C5C5-51C8-4211-B993-0436C9E4CAF9}
		{92750D79-C0BF-4438-9858-E7F1275D8935} = {1888B625-7D01-4CE9-B560-B15B141CAA75}
	EndGlobalSection
	GlobalSection(ExtensibilityGlobals) = postSolution
		SolutionGuid = {03315CAB-2A4D-44B8-BDED-C79882FFC7D2}
	EndGlobalSection
EndGlobal
